# @generated - this file is auto-generated by `mise lock` https://mise.en.dev/dev-tools/mise-lock.html

[[tools.node]]
version = "24.18.0"
backend = "core:node"

[tools.node."platforms.linux-x64"]
checksum = "sha256:783130984963db7ba9cbd01089eaf2c2efb055c7c1693c943174b967b3050cb8"
url = "https://nodejs.org/dist/v24.18.0/node-v24.18.0-linux-x64.tar.gz"

[tools.node."platforms.macos-arm64"]
checksum = "sha256:e1a97e14c99c803e96c7339403282ea05a499c32f8d83defe9ef5ec66f979ed1"
url = "https://nodejs.org/dist/v24.18.0/node-v24.18.0-darwin-arm64.tar.gz"

[[tools.pnpm]]
version = "11.4.0"
backend = "aqua:pnpm/pnpm"

[tools.pnpm."platforms.linux-x64"]
checksum = "sha256:f3f8d1217eef013bbc71a24d52efb1f1041e4aff55edd80e0b08e25f409305a4"
url = "https://github.com/pnpm/pnpm/releases/download/v11.4.0/pnpm-linux-x64.tar.gz"
provenance = "github-attestations"

[tools.pnpm."platforms.macos-arm64"]
checksum = "sha256:ba59014c2c1ce8b76af9f559385206a2623de4ff2b694b5c91598a8f44abb4e2"
url = "https://github.com/pnpm/pnpm/releases/download/v11.4.0/pnpm-darwin-arm64.tar.gz"
provenance = "github-attestations"
